{
  "name": "watcher",
  "version": "0.0.0",
  "lockfileVersion": 2,
  "requires": true,
  "packages": {
    "": {
      "name": "watcher",
      "version": "0.0.0",
      "dependencies": {
        "guid-typescript": "^1.0.9",
        "typescript-guid": "^1.0.3"
      },
      "devDependencies": {
        "@types/node": "^14.14.7",
        "typescript": "^4.5.2"
      }
    },
    "node_modules/@types/node": {
      "version": "14.18.34",
      "resolved": "https://registry.npmjs.org/@types/node/-/node-14.18.34.tgz",
      "integrity": "sha512-hcU9AIQVHmPnmjRK+XUUYlILlr9pQrsqSrwov/JK1pnf3GTQowVBhx54FbvM0AU/VXGH4i3+vgXS5EguR7fysA==",
      "dev": true
    },
    "node_modules/guid-typescript": {
      "version": "1.0.9",
      "resolved": "https://registry.npmjs.org/guid-typescript/-/guid-typescript-1.0.9.tgz",
      "integrity": "sha512-Y8T4vYhEfwJOTbouREvG+3XDsjr8E3kIr7uf+JZ0BYloFsttiHU0WfvANVsR7TxNUJa/WpCnw/Ino/p+DeBhBQ=="
    },
    "node_modules/typescript": {
      "version": "4.9.4",
      "resolved": "https://registry.npmjs.org/typescript/-/typescript-4.9.4.tgz",
      "integrity": "sha512-Uz+dTXYzxXXbsFpM86Wh3dKCxrQqUcVMxwU54orwlJjOpO3ao8L7j5lH+dWfTwgCwIuM9GQ2kvVotzYJMXTBZg==",
      "dev": true,
      "bin": {
        "tsc": "bin/tsc",
        "tsserver": "bin/tsserver"
      },
      "engines": {
        "node": ">=4.2.0"
      }
    },
    "node_modules/typescript-guid": {
      "version": "1.0.3",
      "resolved": "https://registry.npmjs.org/typescript-guid/-/typescript-guid-1.0.3.tgz",
      "integrity": "sha512-8fXm02GoRLKt5o9rIxNM6ayDb+odP2iB6/jpfYUEG2JIJCgtSwHRjCXv8sBx9Np6VasrQsyLv4Ua4xzOmdjkOw=="
    }
  },
  "dependencies": {
    "@types/node": {
      "version": "14.18.34",
      "resolved": "https://registry.npmjs.org/@types/node/-/node-14.18.34.tgz",
      "integrity": "sha512-hcU9AIQVHmPnmjRK+XUUYlILlr9pQrsqSrwov/JK1pnf3GTQowVBhx54FbvM0AU/VXGH4i3+vgXS5EguR7fysA==",
      "dev": true
    },
    "guid-typescript": {
      "version": "1.0.9",
      "resolved": "https://registry.npmjs.org/guid-typescript/-/guid-typescript-1.0.9.tgz",
      "integrity": "sha512-Y8T4vYhEfwJOTbouREvG+3XDsjr8E3kIr7uf+JZ0BYloFsttiHU0WfvANVsR7TxNUJa/WpCnw/Ino/p+DeBhBQ=="
    },
    "typescript": {
      "version": "4.9.4",
      "resolved": "https://registry.npmjs.org/typescript/-/typescript-4.9.4.tgz",
      "integrity": "sha512-Uz+dTXYzxXXbsFpM86Wh3dKCxrQqUcVMxwU54orwlJjOpO3ao8L7j5lH+dWfTwgCwIuM9GQ2kvVotzYJMXTBZg==",
      "dev": true
    },
    "typescript-guid": {
      "version": "1.0.3",
      "resolved": "https://registry.npmjs.org/typescript-guid/-/typescript-guid-1.0.3.tgz",
      "integrity": "sha512-8fXm02GoRLKt5o9rIxNM6ayDb+odP2iB6/jpfYUEG2JIJCgtSwHRjCXv8sBx9Np6VasrQsyLv4Ua4xzOmdjkOw=="
    }
  }
}
